GIT
  remote: git@github.com:activewarehouse/adapter_extensions.git
  revision: 76e7aa2560e1b799c58e3d75ee0b0257a9a33850
  specs:
    adapter_extensions (0.9.5.rc1)
      activerecord (>= 2.1.0)
      activesupport (>= 2.1.0)
      rake (>= 0.8.3)

GEM
  remote: http://rubygems.org/
  specs:
    activerecord (2.3.11)
      activesupport (= 2.3.11)
    activesupport (2.3.11)
    fastercsv (1.5.4)
    flexmock (0.9.0)
    mysql (2.8.1)
    net-sftp (2.0.5)
      net-ssh (>= 2.0.9)
    net-ssh (2.1.4)
    nokogiri (1.4.4)
    nokogiri (1.4.4-java)
      weakling (>= 0.0.3)
    pg (0.11.0)
    rdoc (3.6.1)
    ruby-ole (1.2.11.1)
    shoulda (2.11.3)
    spreadsheet (0.6.5.4)
      ruby-ole (>= 1.0)
    tmail (1.2.7.1)
    weakling (0.0.4-java)
    zip (2.0.2)

PLATFORMS
  java
  ruby

DEPENDENCIES
  activerecord (= 2.3.11)
  activesupport (= 2.3.11)
  adapter_extensions!
  fastercsv (= 1.5.4)
  flexmock (= 0.9.0)
  mysql (= 2.8.1)
  net-sftp (= 2.0.5)
  nokogiri (= 1.4.4)
  pg (= 0.11.0)
  rdoc
  shoulda (= 2.11.3)
  spreadsheet (= 0.6.5.4)
  tmail (= 1.2.7.1)
  zip (= 2.0.2)
